
Microsoft Visual Studio Solution File, Format Version 12.00
# Visual Studio Version 16
VisualStudioVersion = 16.0.31410.357
MinimumVisualStudioVersion = 10.0.40219.1
Project("{FAE04EC0-301F-11D3-BF4B-00C04F79EFBC}") = "WinAppTetris", "WinAppTetris\WinAppTetris.csproj", "{BECCA21B-A04C-4B12-8E24-BF8FC3A8B239}"
EndProject
Global
	GlobalSection(SolutionConfigurationPlatforms) = preSolution
		Debug|Any CPU = Debug|Any CPU
		Release|Any CPU = Release|Any CPU
	EndGlobalSection
	GlobalSection(ProjectConfigurationPlatforms) = postSolution
		{BECCA21B-A04C-4B12-8E24-BF8FC3A8B239}.Debug|Any CPU.ActiveCfg = Debug|Any CPU
		{BECCA21B-A04C-4B12-8E24-BF8FC3A8B239}.Debug|Any CPU.Build.0 = Debug|Any CPU
		{BECCA21B-A04C-4B12-8E24-BF8FC3A8B239}.Release|Any CPU.ActiveCfg = Release|Any CPU
		{BECCA21B-A04C-4B12-8E24-BF8FC3A8B239}.Release|Any CPU.Build.0 = Release|Any CPU
	EndGlobalSection
	GlobalSection(SolutionProperties) = preSolution
		HideSolutionNode = FALSE
	EndGlobalSection
	GlobalSection(ExtensibilityGlobals) = postSolution
		SolutionGuid = {66253497-4ECB-4874-8C0D-A9109FE10726}
	EndGlobalSection
EndGlobal
