
Microsoft Visual Studio Solution File, Format Version 12.00
# Visual Studio Version 16
VisualStudioVersion = 16.0.29709.97
MinimumVisualStudioVersion = 10.0.40219.1
Project("{FAE04EC0-301F-11D3-BF4B-00C04F79EFBC}") = "WinAppSpeechRecognition", "WinAppSpeechRecognition\WinAppSpeechRecognition.csproj", "{2AD59CC8-1EDC-413F-A7C9-1923CF03585B}"
EndProject
Global
	GlobalSection(SolutionConfigurationPlatforms) = preSolution
		Debug|Any CPU = Debug|Any CPU
		Release|Any CPU = Release|Any CPU
	EndGlobalSection
	GlobalSection(ProjectConfigurationPlatforms) = postSolution
		{2AD59CC8-1EDC-413F-A7C9-1923CF03585B}.Debug|Any CPU.ActiveCfg = Debug|Any CPU
		{2AD59CC8-1EDC-413F-A7C9-1923CF03585B}.Debug|Any CPU.Build.0 = Debug|Any CPU
		{2AD59CC8-1EDC-413F-A7C9-1923CF03585B}.Release|Any CPU.ActiveCfg = Release|Any CPU
		{2AD59CC8-1EDC-413F-A7C9-1923CF03585B}.Release|Any CPU.Build.0 = Release|Any CPU
	EndGlobalSection
	GlobalSection(SolutionProperties) = preSolution
		HideSolutionNode = FALSE
	EndGlobalSection
	GlobalSection(ExtensibilityGlobals) = postSolution
		SolutionGuid = {8E896309-6E62-4533-B18D-4E873DA90A30}
	EndGlobalSection
EndGlobal
